{
  "name": "fortunetelling",
  "version": "0.1.0",
  "lockfileVersion": 3,
  "requires": true,
  "packages": {
    "": {
      "name": "fortunetelling",
      "version": "0.1.0",
      "dependencies": {
        "@fullstackfamily/manseryeok": "^1.0.7"
      }
    },
    "node_modules/@fullstackfamily/manseryeok": {
      "version": "1.0.7",
      "resolved": "https://registry.npmjs.org/@fullstackfamily/manseryeok/-/manseryeok-1.0.7.tgz",
      "integrity": "sha512-YnrphKxMp4oCObDhQXiGOJvj694tAR20BQj5r/2jYBP4l5ssfOS8CKPn8DwR59uMMc5cq53/DrqeOOKRN/svxA==",
      "license": "MIT",
      "engines": {
        "node": ">=16.0.0"
      }
    }
  }
}
